{
    "name": "nt",
    "version": "0.1.0",
    "lockfileVersion": 1,
    "requires": true,
    "dependencies": {
        "@bazel/bazelisk": {
            "version": "1.11.0",
            "resolved": "https://registry.npmjs.org/@bazel/bazelisk/-/bazelisk-1.11.0.tgz",
            "integrity": "sha512-lxiQzVqSGDG0PIDQGJdVDjp7T+50p5NnM4EnRJa76mkZp6u5ul19GJNKhPKi81TZQALZEZDxAgxVqQKkWTUOxA==",
            "dev": true
        },
        "@bazel/buildifier": {
            "version": "5.0.1",
            "resolved": "https://registry.npmjs.org/@bazel/buildifier/-/buildifier-5.0.1.tgz",
            "integrity": "sha512-3eMWxdFtcQf+Jw55PZqD/I9N785wp6QQ2k/SZst7R64KAGrS8Ke1EhPXaZHZBkXao5GXrm6SNLDV287xg2kguA==",
            "dev": true
        },
        "@bazel/ibazel": {
            "version": "0.15.10",
            "resolved": "https://registry.npmjs.org/@bazel/ibazel/-/ibazel-0.15.10.tgz",
            "integrity": "sha512-0v+OwCQ6fsGFa50r6MXWbUkSGuWOoZ22K4pMSdtWiL5LKFIE4kfmMmtQS+M7/ICNwk2EIYob+NRreyi/DGUz5A==",
            "dev": true
        },
        "base64-js": {
            "version": "1.5.1",
            "resolved": "https://registry.npmjs.org/base64-js/-/base64-js-1.5.1.tgz",
            "integrity": "sha512-AKpaYlHn8t4SVbOHCy+b5+KKgvR4vrsD8vbvrbiQJps7fKDTkjkDry6ji0rUJjC0kzbNePLwzxq8iypo41qeWA=="
        },
        "bson": {
            "version": "4.6.1",
            "resolved": "https://registry.npmjs.org/bson/-/bson-4.6.1.tgz",
            "integrity": "sha512-I1LQ7Hz5zgwR4QquilLNZwbhPw0Apx7i7X9kGMBTsqPdml/03Q9NBtD9nt/19ahjlphktQImrnderxqpzeVDjw==",
            "requires": {
                "buffer": "^5.6.0"
            }
        },
        "buffer": {
            "version": "5.7.1",
            "resolved": "https://registry.npmjs.org/buffer/-/buffer-5.7.1.tgz",
            "integrity": "sha512-EHcyIPBQ4BSGlvjB16k5KgAJ27CIsHY/2JBmCRReo48y9rQ3MaUzWX3KVlBa4U7MyX02HdVj0K7C3WaB3ju7FQ==",
            "requires": {
                "base64-js": "^1.3.1",
                "ieee754": "^1.1.13"
            }
        },
        "ieee754": {
            "version": "1.2.1",
            "resolved": "https://registry.npmjs.org/ieee754/-/ieee754-1.2.1.tgz",
            "integrity": "sha512-dcyqhDvX1C46lXZcVqCpK+FtMRQVdIMN6/Df5js2zouUsqG7I6sFxitIC+7KYK29KdXOLHdu9zL4sFnoVQnqaA=="
        }
    }
}
